{
  "requires": true,
  "lockfileVersion": 1,
  "dependencies": {
    "@comunica/actor-abstract-mediatyped": {
      "version": "1.20.0",
      "resolved": "https://registry.npmjs.org/@comunica/actor-abstract-mediatyped/-/actor-abstract-mediatyped-1.20.0.tgz",
      "integrity": "sha512-GcPhuxLYrLU526nqoCYE1ddFNNDu6xcOkxlUGNqgs/HqkfQ4+8OaC2N7NfVGPsYZ+N+iRExQa4qND6uLL+tJxQ=="
    },
    "@comunica/actor-http-native": {
      "version": "1.19.2",
      "resolved": "https://registry.npmjs.org/@comunica/actor-http-native/-/actor-http-native-1.19.2.tgz",
      "integrity": "sha512-/eLeL3/MCuoTpYqMKM4f6VNIgBMtduOHc7DHxw/p6I/mL9mRZp848+MyhKFEN4W4gVk8aKVlMCI4MI52bKXWLw==",
      "requires": {
        "@types/parse-link-header": "^1.0.0",
        "cross-fetch": "^3.0.5",
        "follow-redirects": "^1.5.1",
        "parse-link-header": "^1.0.1"
      }
    },
    "@comunica/actor-rdf-parse-html": {
      "version": "1.19.2",
      "resolved": "https://registry.npmjs.org/@comunica/actor-rdf-parse-html/-/actor-rdf-parse-html-1.19.2.tgz",
      "integrity": "sha512-E7eJH5CR9cvYoaK78OwA8wkc46FsU7hbDHIkXy3fKktooXOcOJxoMU3+0xZ0n6qFRRzMQjzNzh+KnR+0ZgZWIg==",
      "requires": {
        "@comunica/bus-rdf-parse-html": "^1.19.2",
        "@types/rdf-js": "*",
        "htmlparser2": "^6.0.0"
      }
    },
    "@comunica/actor-rdf-parse-html-microdata": {
      "version": "1.19.2",
      "resolved": "https://registry.npmjs.org/@comunica/actor-rdf-parse-html-microdata/-/actor-rdf-parse-html-microdata-1.19.2.tgz",
      "integrity": "sha512-i+FfdPRsd1wT5yrnFORo1eFbL2G+YyeG3dQtC7bEuTf3pW9wXJCUWarLZ0dBbCK3WaPR+J+zdM+fss4j++0bNA==",
      "requires": {
        "microdata-rdf-streaming-parser": "^1.1.0"
      }
    },
    "@comunica/actor-rdf-parse-html-rdfa": {
      "version": "1.19.2",
      "resolved": "https://registry.npmjs.org/@comunica/actor-rdf-parse-html-rdfa/-/actor-rdf-parse-html-rdfa-1.19.2.tgz",
      "integrity": "sha512-Sx9vDZwHnXbcAkKOTQj0mIeablIQO1W6O92Vl1u0eStuaMyB2xBIFnPDpHpM9oQ8Yg14xwdGnSfqfCRW1Ar/mQ==",
      "requires": {
        "rdfa-streaming-parser": "^1.4.0"
      }
    },
    "@comunica/actor-rdf-parse-html-script": {
      "version": "1.19.2",
      "resolved": "https://registry.npmjs.org/@comunica/actor-rdf-parse-html-script/-/actor-rdf-parse-html-script-1.19.2.tgz",
      "integrity": "sha512-GgJF1cZpFWJ7ga3g/BxuxpPQeASf07eZd3TiLRlQ5Mll4sVVqU9CO+oebQXbtnzJYnxPrSP85YCP9Ez9TnfFkQ==",
      "requires": {
        "@comunica/bus-rdf-parse-html": "^1.19.2",
        "@types/rdf-js": "*",
        "relative-to-absolute-iri": "^1.0.5"
      }
    },
    "@comunica/actor-rdf-parse-jsonld": {
      "version": "1.19.2",
      "resolved": "https://registry.npmjs.org/@comunica/actor-rdf-parse-jsonld/-/actor-rdf-parse-jsonld-1.19.2.tgz",
      "integrity": "sha512-t2rLKtiUV0ku0ZkxjzIDUfPV/SOfeYmdR6DRBDMM/b44xda+fxeSIsYEsxjNMsz0GWUppgWi/+dmBbioO38qDQ==",
      "requires": {
        "@types/rdf-js": "*",
        "jsonld-context-parser": "^2.1.1",
        "jsonld-streaming-parser": "^2.1.1",
        "stream-to-string": "^1.2.0"
      }
    },
    "@comunica/actor-rdf-parse-n3": {
      "version": "1.19.2",
      "resolved": "https://registry.npmjs.org/@comunica/actor-rdf-parse-n3/-/actor-rdf-parse-n3-1.19.2.tgz",
      "integrity": "sha512-IReAuHq1H0xNOMO0fd1mbbkgnfw1VS/Q5+hK0WJA3j5lII/nrSKRIbmdyP6jYLNHwj2F3i6aGTCRr9Z75/86kA==",
      "requires": {
        "@types/n3": "^1.4.4",
        "n3": "^1.6.3"
      }
    },
    "@comunica/actor-rdf-parse-rdfxml": {
      "version": "1.19.2",
      "resolved": "https://registry.npmjs.org/@comunica/actor-rdf-parse-rdfxml/-/actor-rdf-parse-rdfxml-1.19.2.tgz",
      "integrity": "sha512-vC4RVTe6RTsRD32ZJR5NEOUGiHACCVvlO2/NUFy3g9/H6aQdiKen/iAqfDo03jq4yJO2UTFx8zj5l5fLvzL9yA==",
      "requires": {
        "rdfxml-streaming-parser": "^1.4.0"
      }
    },
    "@comunica/actor-rdf-parse-xml-rdfa": {
      "version": "1.19.2",
      "resolved": "https://registry.npmjs.org/@comunica/actor-rdf-parse-xml-rdfa/-/actor-rdf-parse-xml-rdfa-1.19.2.tgz",
      "integrity": "sha512-y9dYBawjAxBfHZw3ITByq/+N/pkLmIqUcXc9ypiQEx1C2iZvlkgKiShhYK7b/Qzvx8FXqfhXKRknup8/yZicww==",
      "requires": {
        "rdfa-streaming-parser": "^1.3.0"
      }
    },
    "@comunica/bus-http": {
      "version": "1.19.2",
      "resolved": "https://registry.npmjs.org/@comunica/bus-http/-/bus-http-1.19.2.tgz",
      "integrity": "sha512-dRvN7k/ZjHly+Dr+baanvHPP3MjZINE6j7Zp8TAvV2wq6KQaJhUWRSfAVbzw3AkSWy2txtC3zXUpTYGJYYiV3Q==",
      "requires": {
        "is-stream": "^2.0.0",
        "web-streams-node": "^0.4.0"
      }
    },
    "@comunica/bus-init": {
      "version": "1.19.2",
      "resolved": "https://registry.npmjs.org/@comunica/bus-init/-/bus-init-1.19.2.tgz",
      "integrity": "sha512-SVIcKPSrPlHxrndsKX650ijrOPMyBdZZkDe/mLXUKNq7cSerdQZtP6w95u7/fnBwjwXOAMjPiyP3L07rD6KAcA=="
    },
    "@comunica/bus-rdf-parse": {
      "version": "1.19.2",
      "resolved": "https://registry.npmjs.org/@comunica/bus-rdf-parse/-/bus-rdf-parse-1.19.2.tgz",
      "integrity": "sha512-tXTAWFHdmrZXmze9tWOyih0dgxaCL1qusJHIdtLW3Krt9BZhhUjPVckoHTFB+LSexmOEDHF91+WrkTwBxIDGpg==",
      "requires": {
        "@comunica/actor-abstract-mediatyped": "^1.19.2",
        "@types/rdf-js": "*"
      }
    },
    "@comunica/bus-rdf-parse-html": {
      "version": "1.19.2",
      "resolved": "https://registry.npmjs.org/@comunica/bus-rdf-parse-html/-/bus-rdf-parse-html-1.19.2.tgz",
      "integrity": "sha512-TdhTZ7/UKQl75kndpHlIWHPQVxuRg2wbViEhQgvZBu7nyWR0F39Sh4A9iGhmdiwgZkQ8MdGIjQEdwbcSPtxN4w==",
      "requires": {
        "@types/rdf-js": "*"
      }
    },
    "@comunica/core": {
      "version": "1.19.2",
      "resolved": "https://registry.npmjs.org/@comunica/core/-/core-1.19.2.tgz",
      "integrity": "sha512-BmUZiuCbR2T/sFlmKW6mRRBIH7hef2irNIB2nA3dDbRj5MyHVOEDDh0cJdbgMtWaHyM4m2Bw8gk8c63fQsfMPA==",
      "requires": {
        "immutable": "^3.8.2"
      }
    },
    "@comunica/mediator-combine-union": {
      "version": "1.19.2",
      "resolved": "https://registry.npmjs.org/@comunica/mediator-combine-union/-/mediator-combine-union-1.19.2.tgz",
      "integrity": "sha512-UHC0yS8rVbSqyg8ndyKSxd8lLnQYiMzyYwbTQyMSSOJCc7WCYPXME1IMlNlsO7c0BC7hxXLZPkeIGLAYh5/CEg=="
    },
    "@comunica/mediator-number": {
      "version": "1.19.2",
      "resolved": "https://registry.npmjs.org/@comunica/mediator-number/-/mediator-number-1.19.2.tgz",
      "integrity": "sha512-VMT2yM++DxQUhR7IJp1yS1rOXzIyXY3si4SQQMzAKIUGwgVWvW/SnB9Ds3JLXnNl4Ptb7Y+kRQZAffHZzBw41w=="
    },
    "@comunica/mediator-race": {
      "version": "1.19.2",
      "resolved": "https://registry.npmjs.org/@comunica/mediator-race/-/mediator-race-1.19.2.tgz",
      "integrity": "sha512-F+PxeAWTrMEW0s48oaV5h3YrywoO3vPqCgSKyDfRx2YtjJX3SjJduGVNsKKCK4oWNG/NINOg3eUaTG8p4JMbWQ=="
    },
    "@types/http-link-header": {
      "version": "1.0.2",
      "resolved": "https://registry.npmjs.org/@types/http-link-header/-/http-link-header-1.0.2.tgz",
      "integrity": "sha512-rWvCGMtwx+01LFVpLbSYagloSMgqDwfzLSx9JcwUEkJWo4oDBKihp6X92Ff5tIS4VE5ojV4wH6iMnAnr/TZhhg==",
      "requires": {
        "@types/node": "*"
      }
    },
    "@types/n3": {
      "version": "1.8.0",
      "resolved": "https://registry.npmjs.org/@types/n3/-/n3-1.8.0.tgz",
      "integrity": "sha512-uyVeuz1TmdmKORidY0+hSfhonXgMk/hzpTnfZXG4HmQdXdykeoi7ohVxmAfYX21aaIcx9wJr1nqRN1griAOMPw==",
      "requires": {
        "@types/node": "*",
        "@types/rdf-js": "*"
      }
    },
    "@types/node": {
      "version": "14.14.41",
      "resolved": "https://registry.npmjs.org/@types/node/-/node-14.14.41.tgz",
      "integrity": "sha512-dueRKfaJL4RTtSa7bWeTK1M+VH+Gns73oCgzvYfHZywRCoPSd8EkXBL0mZ9unPTveBn+D9phZBaxuzpwjWkW0g=="
    },
    "@types/parse-link-header": {
      "version": "1.0.0",
      "resolved": "https://registry.npmjs.org/@types/parse-link-header/-/parse-link-header-1.0.0.tgz",
      "integrity": "sha512-fCA3btjE7QFeRLfcD0Sjg+6/CnmC66HpMBoRfRzd2raTaWMJV21CCZ0LO8MOqf8onl5n0EPfjq4zDhbyX8SVwA=="
    },
    "@types/rdf-js": {
      "version": "4.0.1",
      "resolved": "https://registry.npmjs.org/@types/rdf-js/-/rdf-js-4.0.1.tgz",
      "integrity": "sha512-S+28+3RoFI+3arls7dS813gYnhb2HiyLX+gs00rgIvCzHU93DaYajhx4tyT+XEO8SjtzZw90OF4OVdYXBwbvkQ==",
      "requires": {
        "@types/node": "*"
      }
    },
    "canonicalize": {
      "version": "1.0.5",
      "resolved": "https://registry.npmjs.org/canonicalize/-/canonicalize-1.0.5.tgz",
      "integrity": "sha512-mAjKJPIyP0xqqv6IAkvso07StOmz6cmGtNDg3pXCSzXVZOqka7StIkAhJl/zHOi4M2CgpYfD6aeRWbnrmtvBEA=="
    },
    "cross-fetch": {
      "version": "3.1.4",
      "resolved": "https://registry.npmjs.org/cross-fetch/-/cross-fetch-3.1.4.tgz",
      "integrity": "sha512-1eAtFWdIubi6T4XPy6ei9iUFoKpUkIF971QLN8lIvvvwueI65+Nw5haMNKUwfJxabqlIIDODJKGrQ66gxC0PbQ==",
      "requires": {
        "node-fetch": "2.6.1"
      }
    },
    "dom-serializer": {
      "version": "1.3.1",
      "resolved": "https://registry.npmjs.org/dom-serializer/-/dom-serializer-1.3.1.tgz",
      "integrity": "sha512-Pv2ZluG5ife96udGgEDovOOOA5UELkltfJpnIExPrAk1LTvecolUGn6lIaoLh86d83GiB86CjzciMd9BuRB71Q==",
      "requires": {
        "domelementtype": "^2.0.1",
        "domhandler": "^4.0.0",
        "entities": "^2.0.0"
      }
    },
    "domelementtype": {
      "version": "2.2.0",
      "resolved": "https://registry.npmjs.org/domelementtype/-/domelementtype-2.2.0.tgz",
      "integrity": "sha512-DtBMo82pv1dFtUmHyr48beiuq792Sxohr+8Hm9zoxklYPfa6n0Z3Byjj2IV7bmr2IyqClnqEQhfgHJJ5QF0R5A=="
    },
    "domhandler": {
      "version": "4.2.0",
      "resolved": "https://registry.npmjs.org/domhandler/-/domhandler-4.2.0.tgz",
      "integrity": "sha512-zk7sgt970kzPks2Bf+dwT/PLzghLnsivb9CcxkvR8Mzr66Olr0Ofd8neSbglHJHaHa2MadfoSdNlKYAaafmWfA==",
      "requires": {
        "domelementtype": "^2.2.0"
      }
    },
    "domutils": {
      "version": "2.6.0",
      "resolved": "https://registry.npmjs.org/domutils/-/domutils-2.6.0.tgz",
      "integrity": "sha512-y0BezHuy4MDYxh6OvolXYsH+1EMGmFbwv5FKW7ovwMG6zTPWqNPq3WF9ayZssFq+UlKdffGLbOEaghNdaOm1WA==",
      "requires": {
        "dom-serializer": "^1.0.1",
        "domelementtype": "^2.2.0",
        "domhandler": "^4.2.0"
      }
    },
    "entities": {
      "version": "2.2.0",
      "resolved": "https://registry.npmjs.org/entities/-/entities-2.2.0.tgz",
      "integrity": "sha512-p92if5Nz619I0w+akJrLZH0MX0Pb5DX39XOwQTtXSdQQOaYH03S1uIQp4mhOZtAXrxq4ViO67YTiLBo2638o9A=="
    },
    "follow-redirects": {
      "version": "1.13.3",
      "resolved": "https://registry.npmjs.org/follow-redirects/-/follow-redirects-1.13.3.tgz",
      "integrity": "sha512-DUgl6+HDzB0iEptNQEXLx/KhTmDb8tZUHSeLqpnjpknR70H0nC2t9N73BK6fN4hOvJ84pKlIQVQ4k5FFlBedKA=="
    },
    "htmlparser2": {
      "version": "6.1.0",
      "resolved": "https://registry.npmjs.org/htmlparser2/-/htmlparser2-6.1.0.tgz",
      "integrity": "sha512-gyyPk6rgonLFEDGoeRgQNaEUvdJ4ktTmmUh/h2t7s+M8oPpIPxgNACWa+6ESR57kXstwqPiCut0V8NRpcwgU7A==",
      "requires": {
        "domelementtype": "^2.0.1",
        "domhandler": "^4.0.0",
        "domutils": "^2.5.2",
        "entities": "^2.0.0"
      }
    },
    "http-link-header": {
      "version": "1.0.3",
      "resolved": "https://registry.npmjs.org/http-link-header/-/http-link-header-1.0.3.tgz",
      "integrity": "sha512-nARK1wSKoBBrtcoESlHBx36c1Ln/gnbNQi1eB6MeTUefJIT3NvUOsV15bClga0k38f0q/kN5xxrGSDS3EFnm9w=="
    },
    "immutable": {
      "version": "3.8.2",
      "resolved": "https://registry.npmjs.org/immutable/-/immutable-3.8.2.tgz",
      "integrity": "sha1-wkOZUUVbs5kT2vKBN28VMOEErfM="
    },
    "inherits": {
      "version": "2.0.4",
      "resolved": "https://registry.npmjs.org/inherits/-/inherits-2.0.4.tgz",
      "integrity": "sha512-k/vGaX4/Yla3WzyMCvTQOXYeIHvqOKtnqBduzTHpzpQZzAskKMhZ2K+EnBiSM9zGSoIFeMpXKxa4dYeZIQqewQ=="
    },
    "is-stream": {
      "version": "2.0.0",
      "resolved": "https://registry.npmjs.org/is-stream/-/is-stream-2.0.0.tgz",
      "integrity": "sha512-XCoy+WlUr7d1+Z8GgSuXmpuUFC9fOhRXglJMx+dwLKTkL44Cjd4W1Z5P+BQZpr+cR93aGP4S/s7Ftw6Nd/kiEw=="
    },
    "jsonld-context-parser": {
      "version": "2.1.2",
      "resolved": "https://registry.npmjs.org/jsonld-context-parser/-/jsonld-context-parser-2.1.2.tgz",
      "integrity": "sha512-zAhus+dz4IrXiYAiYf6M1PSdYkILVWPg4bqqGfim+rGrmVc3d0drFAriLOU2RMwQFKljM+41lJTau47sxt6YWA==",
      "requires": {
        "@types/http-link-header": "^1.0.1",
        "@types/node": "^13.1.0",
        "canonicalize": "^1.0.1",
        "cross-fetch": "^3.0.6",
        "http-link-header": "^1.0.2",
        "relative-to-absolute-iri": "^1.0.5"
      },
      "dependencies": {
        "@types/node": {
          "version": "13.13.50",
          "resolved": "https://registry.npmjs.org/@types/node/-/node-13.13.50.tgz",
          "integrity": "sha512-y7kkh+hX/0jZNxMyBR/6asG0QMSaPSzgeVK63dhWHl4QAXCQB8lExXmzLL6SzmOgKHydtawpMnNhlDbv7DXPEA=="
        }
      }
    },
    "jsonld-streaming-parser": {
      "version": "2.3.0",
      "resolved": "https://registry.npmjs.org/jsonld-streaming-parser/-/jsonld-streaming-parser-2.3.0.tgz",
      "integrity": "sha512-IJiFhX9GQ/uLugd3BSYgJDaisAc22fV2Ij7tH0yWG8KZpriSGadRVvxUkfglzRKSjqxYBsZ+qAQ+UR7YGwiHRQ==",
      "requires": {
        "@types/http-link-header": "^1.0.1",
        "@types/rdf-js": "*",
        "canonicalize": "^1.0.1",
        "http-link-header": "^1.0.2",
        "jsonld-context-parser": "^2.1.2",
        "jsonparse": "^1.3.1",
        "rdf-data-factory": "^1.0.4"
      }
    },
    "jsonparse": {
      "version": "1.3.1",
      "resolved": "https://registry.npmjs.org/jsonparse/-/jsonparse-1.3.1.tgz",
      "integrity": "sha1-P02uSpH6wxX3EGL4UhzCOfE2YoA="
    },
    "microdata-rdf-streaming-parser": {
      "version": "1.1.0",
      "resolved": "https://registry.npmjs.org/microdata-rdf-streaming-parser/-/microdata-rdf-streaming-parser-1.1.0.tgz",
      "integrity": "sha512-nvPEFzG4vZWzWJP2x8Ax7mJmdrFkSYrfhdTUDHLtXYZJVl8Ip7ScHUPLkUfX+Ci4g7sOdgHsotkxuccnlxtCAg==",
      "requires": {
        "@types/rdf-js": "*",
        "htmlparser2": "^5.0.0",
        "rdf-data-factory": "^1.0.2",
        "relative-to-absolute-iri": "^1.0.2"
      },
      "dependencies": {
        "domhandler": {
          "version": "3.3.0",
          "resolved": "https://registry.npmjs.org/domhandler/-/domhandler-3.3.0.tgz",
          "integrity": "sha512-J1C5rIANUbuYK+FuFL98650rihynUOEzRLxW+90bKZRWB6A1X1Tf82GxR1qAWLyfNPRvjqfip3Q5tdYlmAa9lA==",
          "requires": {
            "domelementtype": "^2.0.1"
          }
        },
        "htmlparser2": {
          "version": "5.0.1",
          "resolved": "https://registry.npmjs.org/htmlparser2/-/htmlparser2-5.0.1.tgz",
          "integrity": "sha512-vKZZra6CSe9qsJzh0BjBGXo8dvzNsq/oGvsjfRdOrrryfeD9UOBEEQdeoqCRmKZchF5h2zOBMQ6YuQ0uRUmdbQ==",
          "requires": {
            "domelementtype": "^2.0.1",
            "domhandler": "^3.3.0",
            "domutils": "^2.4.2",
            "entities": "^2.0.0"
          }
        }
      }
    },
    "n3": {
      "version": "1.9.0",
      "resolved": "https://registry.npmjs.org/n3/-/n3-1.9.0.tgz",
      "integrity": "sha512-63+NEVkNjFX77HmA8oifM9LGEOhpFT/fEdnfDDHjqt1CSLuVuK+f31kqkPI0T5m7x+Rdu0rSM4Sx2A0MuNp3rg==",
      "requires": {
        "queue-microtask": "^1.1.2",
        "readable-stream": "^3.6.0"
      }
    },
    "node-fetch": {
      "version": "2.6.1",
      "resolved": "https://registry.npmjs.org/node-fetch/-/node-fetch-2.6.1.tgz",
      "integrity": "sha512-V4aYg89jEoVRxRb2fJdAg8FHvI7cEyYdVAh94HH0UIK8oJxUfkjlDQN9RbMx+bEjP7+ggMiFRprSti032Oipxw=="
    },
    "parse-link-header": {
      "version": "1.0.1",
      "resolved": "https://registry.npmjs.org/parse-link-header/-/parse-link-header-1.0.1.tgz",
      "integrity": "sha1-vt/g0hGK64S+deewJUGeyKYRQKc=",
      "requires": {
        "xtend": "~4.0.1"
      }
    },
    "promise-polyfill": {
      "version": "1.1.6",
      "resolved": "https://registry.npmjs.org/promise-polyfill/-/promise-polyfill-1.1.6.tgz",
      "integrity": "sha1-zQTv9G9clcOn0EVZHXm14+AfEtc="
    },
    "queue-microtask": {
      "version": "1.2.3",
      "resolved": "https://registry.npmjs.org/queue-microtask/-/queue-microtask-1.2.3.tgz",
      "integrity": "sha512-NuaNSa6flKT5JaSYQzJok04JzTL1CA6aGhv5rfLW3PgqA+M2ChpZQnAC8h8i4ZFkBS8X5RqkDBHA7r4hej3K9A=="
    },
    "rdf-data-factory": {
      "version": "1.0.4",
      "resolved": "https://registry.npmjs.org/rdf-data-factory/-/rdf-data-factory-1.0.4.tgz",
      "integrity": "sha512-ZIIwEkLcV7cTc+atvQFzAETFVRHz1BRe/MhdkZqYse8vxskErj8/bF/Ittc3B5c0GTyw6O3jVF2V7xBRGyRoSQ==",
      "requires": {
        "@types/rdf-js": "*"
      }
    },
    "rdf-parse": {
      "version": "1.7.0",
      "resolved": "https://registry.npmjs.org/rdf-parse/-/rdf-parse-1.7.0.tgz",
      "integrity": "sha512-P3meLRU9OkZZz9OYq26VeRrxIDrzEBNAScAWcTX1tsf4Z85WTLhiwP5jC+OZBSzRSlybkkb6EYSVA1M4eykiBg==",
      "requires": {
        "@comunica/actor-http-native": "~1.19.0",
        "@comunica/actor-rdf-parse-html": "~1.19.0",
        "@comunica/actor-rdf-parse-html-microdata": "~1.19.0",
        "@comunica/actor-rdf-parse-html-rdfa": "~1.19.0",
        "@comunica/actor-rdf-parse-html-script": "~1.19.0",
        "@comunica/actor-rdf-parse-jsonld": "~1.19.0",
        "@comunica/actor-rdf-parse-n3": "~1.19.0",
        "@comunica/actor-rdf-parse-rdfxml": "~1.19.0",
        "@comunica/actor-rdf-parse-xml-rdfa": "~1.19.0",
        "@comunica/bus-http": "~1.19.0",
        "@comunica/bus-init": "~1.19.0",
        "@comunica/bus-rdf-parse": "~1.19.0",
        "@comunica/bus-rdf-parse-html": "~1.19.0",
        "@comunica/core": "~1.19.0",
        "@comunica/mediator-combine-union": "~1.19.0",
        "@comunica/mediator-number": "~1.19.0",
        "@comunica/mediator-race": "~1.19.0",
        "@types/rdf-js": "*",
        "stream-to-string": "^1.2.0"
      }
    },
    "rdfa-streaming-parser": {
      "version": "1.4.0",
      "resolved": "https://registry.npmjs.org/rdfa-streaming-parser/-/rdfa-streaming-parser-1.4.0.tgz",
      "integrity": "sha512-tx2rsBpK7MhpuvuMFdpoIfH8t8ij/traX6+hiFe4WV648eWlcYKURLVdWwqqPkF4qwnT1PH8mqBpBY7CNpbjvg==",
      "requires": {
        "@types/rdf-js": "*",
        "htmlparser2": "^5.0.0",
        "rdf-data-factory": "^1.0.2",
        "relative-to-absolute-iri": "^1.0.2"
      },
      "dependencies": {
        "domhandler": {
          "version": "3.3.0",
          "resolved": "https://registry.npmjs.org/domhandler/-/domhandler-3.3.0.tgz",
          "integrity": "sha512-J1C5rIANUbuYK+FuFL98650rihynUOEzRLxW+90bKZRWB6A1X1Tf82GxR1qAWLyfNPRvjqfip3Q5tdYlmAa9lA==",
          "requires": {
            "domelementtype": "^2.0.1"
          }
        },
        "htmlparser2": {
          "version": "5.0.1",
          "resolved": "https://registry.npmjs.org/htmlparser2/-/htmlparser2-5.0.1.tgz",
          "integrity": "sha512-vKZZra6CSe9qsJzh0BjBGXo8dvzNsq/oGvsjfRdOrrryfeD9UOBEEQdeoqCRmKZchF5h2zOBMQ6YuQ0uRUmdbQ==",
          "requires": {
            "domelementtype": "^2.0.1",
            "domhandler": "^3.3.0",
            "domutils": "^2.4.2",
            "entities": "^2.0.0"
          }
        }
      }
    },
    "rdfxml-streaming-parser": {
      "version": "1.4.0",
      "resolved": "https://registry.npmjs.org/rdfxml-streaming-parser/-/rdfxml-streaming-parser-1.4.0.tgz",
      "integrity": "sha512-/FKDCq4tuSWz8PZaaPxqIQpenEvRR3Gsqllqg4VmdPFN6WiWfbaD244cKASfXfQHt9Bw7tLsLHsmtA1isIPBCg==",
      "requires": {
        "@types/rdf-js": "*",
        "rdf-data-factory": "^1.0.2",
        "relative-to-absolute-iri": "^1.0.0",
        "sax": "^1.2.4"
      }
    },
    "readable-stream": {
      "version": "3.6.0",
      "resolved": "https://registry.npmjs.org/readable-stream/-/readable-stream-3.6.0.tgz",
      "integrity": "sha512-BViHy7LKeTz4oNnkcLJ+lVSL6vpiFeX6/d3oSH8zCW7UxP2onchk+vTGB143xuFjHS3deTgkKoXXymXqymiIdA==",
      "requires": {
        "inherits": "^2.0.3",
        "string_decoder": "^1.1.1",
        "util-deprecate": "^1.0.1"
      }
    },
    "readable-stream-node-to-web": {
      "version": "1.0.1",
      "resolved": "https://registry.npmjs.org/readable-stream-node-to-web/-/readable-stream-node-to-web-1.0.1.tgz",
      "integrity": "sha1-i3YU+qFGXr+g2pucpjA/onBzt88="
    },
    "relative-to-absolute-iri": {
      "version": "1.0.6",
      "resolved": "https://registry.npmjs.org/relative-to-absolute-iri/-/relative-to-absolute-iri-1.0.6.tgz",
      "integrity": "sha512-Xw5/Zx6iWSCMJUXwXVOjySjH8Xli4hVFL9QQFvkl1qEmFBG94J+QUI9emnoctOCD3285f1jNV+QWV9eDYwIdfQ=="
    },
    "safe-buffer": {
      "version": "5.2.1",
      "resolved": "https://registry.npmjs.org/safe-buffer/-/safe-buffer-5.2.1.tgz",
      "integrity": "sha512-rp3So07KcdmmKbGvgaNxQSJr7bGVSVk5S9Eq1F+ppbRo70+YeaDxkw5Dd8NPN+GD6bjnYm2VuPuCXmpuYvmCXQ=="
    },
    "sax": {
      "version": "1.2.4",
      "resolved": "https://registry.npmjs.org/sax/-/sax-1.2.4.tgz",
      "integrity": "sha512-NqVDv9TpANUjFm0N8uM5GxL36UgKi9/atZw+x7YFnQ8ckwFGKrl4xX4yWtrey3UJm5nP1kUbnYgLopqWNSRhWw=="
    },
    "stream-to-string": {
      "version": "1.2.0",
      "resolved": "https://registry.npmjs.org/stream-to-string/-/stream-to-string-1.2.0.tgz",
      "integrity": "sha512-8drZlFIKBHSMdX9GCWv8V9AAWnQcTqw0iAI6/GC7UJ0H0SwKeFKjOoZfGY1tOU00GGU7FYZQoJ/ZCUEoXhD7yQ==",
      "requires": {
        "promise-polyfill": "^1.1.6"
      }
    },
    "string_decoder": {
      "version": "1.3.0",
      "resolved": "https://registry.npmjs.org/string_decoder/-/string_decoder-1.3.0.tgz",
      "integrity": "sha512-hkRX8U1WjJFd8LsDJ2yQ/wWWxaopEsABU1XfkM8A+j0+85JAGppt16cr1Whg6KIbb4okU6Mql6BOj+uup/wKeA==",
      "requires": {
        "safe-buffer": "~5.2.0"
      }
    },
    "util-deprecate": {
      "version": "1.0.2",
      "resolved": "https://registry.npmjs.org/util-deprecate/-/util-deprecate-1.0.2.tgz",
      "integrity": "sha1-RQ1Nyfpw3nMnYvvS1KKJgUGaDM8="
    },
    "web-streams-node": {
      "version": "0.4.0",
      "resolved": "https://registry.npmjs.org/web-streams-node/-/web-streams-node-0.4.0.tgz",
      "integrity": "sha512-u+PBQs8DFaBrN/bxCLFn21tO/ZP7EM3qA4FGzppoUCcZ5CaMbKOsN8uOp27ylVEsfrxcR2tsF6gWHI5M8bN73w==",
      "requires": {
        "is-stream": "^1.1.0",
        "readable-stream-node-to-web": "^1.0.1",
        "web-streams-ponyfill": "^1.4.1"
      },
      "dependencies": {
        "is-stream": {
          "version": "1.1.0",
          "resolved": "https://registry.npmjs.org/is-stream/-/is-stream-1.1.0.tgz",
          "integrity": "sha1-EtSj3U5o4Lec6428hBc66A2RykQ="
        }
      }
    },
    "web-streams-ponyfill": {
      "version": "1.4.2",
      "resolved": "https://registry.npmjs.org/web-streams-ponyfill/-/web-streams-ponyfill-1.4.2.tgz",
      "integrity": "sha512-LCHW+fE2UBJ2vjhqJujqmoxh1ytEDEr0dPO3CabMdMDJPKmsaxzS90V1Ar6LtNE5VHLqxR4YMEj1i4lzMAccIA=="
    },
    "xtend": {
      "version": "4.0.2",
      "resolved": "https://registry.npmjs.org/xtend/-/xtend-4.0.2.tgz",
      "integrity": "sha512-LKYU1iAXJXUgAXn9URjiu+MWhyUXHsvfp7mcuYm9dSUKK0/CjtrUwFAxD82/mCWbtLsGjFIad0wIsod4zrTAEQ=="
    }
  }
}
